// !$*UTF8*$!
{
	archiveVersion = 1;
	classes = {
	};
	objectVersion = 50;
	objects = {

/* Begin PBXBuildFile section */
		7ECB28FC269BA2F000E1C0BA /* Notification.swift in Sources */ = {isa = PBXBuildFile; fileRef = 7ECB28FB269BA2F000E1C0BA /* Notification.swift */; };
		7ED37793269B9CFE0033BCBD /* StatsInputApp.swift in Sources */ = {isa = PBXBuildFile; fileRef = 7ED37792269B9CFE0033BCBD /* StatsInputApp.swift */; };
		7ED37795269B9CFE0033BCBD /* ContentView.swift in Sources */ = {isa = PBXBuildFile; fileRef = 7ED37794269B9CFE0033BCBD /* ContentView.swift */; };
		7ED37797269B9D000033BCBD /* Assets.xcassets in Resources */ = {isa = PBXBuildFile; fileRef = 7ED37796269B9D000033BCBD /* Assets.xcassets */; };
		7ED3779A269B9D000033BCBD /* Preview Assets.xcassets in Resources */ = {isa = PBXBuildFile; fileRef = 7ED37799269B9D000033BCBD /* Preview Assets.xcassets */; };
		7ED377A5269B9D000033BCBD /* StatsInputTests.swift in Sources */ = {isa = PBXBuildFile; fileRef = 7ED377A4269B9D000033BCBD /* StatsInputTests.swift */; };
		7ED377B0269B9D000033BCBD /* StatsInputUITests.swift in Sources */ = {isa = PBXBuildFile; fileRef = 7ED377AF269B9D000033BCBD /* StatsInputUITests.swift */; };
/* End PBXBuildFile section */

/* Begin PBXContainerItemProxy section */
		7ED377A1269B9D000033BCBD /* PBXContainerItemProxy */ = {
			isa = PBXContainerItemProxy;
			containerPortal = 7ED37787269B9CFE0033BCBD /* Project object */;
			proxyType = 1;
			remoteGlobalIDString = 7ED3778E269B9CFE0033BCBD;
			remoteInfo = StatsInput;
		};
		7ED377AC269B9D000033BCBD /* PBXContainerItemProxy */ = {
			isa = PBXContainerItemProxy;
			containerPortal = 7ED37787269B9CFE0033BCBD /* Project object */;
			proxyType = 1;
			remoteGlobalIDString = 7ED3778E269B9CFE0033BCBD;
			remoteInfo = StatsInput;
		};
/* End PBXContainerItemProxy section */

/* Begin PBXFileReference section */
		7ECB28FB269BA2F000E1C0BA /* Notification.swift */ = {isa = PBXFileReference; lastKnownFileType = sourcecode.swift; path = Notification.swift; sourceTree = "<group>"; };
		7ED3778F269B9CFE0033BCBD /* StatsInput.app */ = {isa = PBXFileReference; explicitFileType = wrapper.application; includeInIndex = 0; path = StatsInput.app; sourceTree = BUILT_PRODUCTS_DIR; };
		7ED37792269B9CFE0033BCBD /* StatsInputApp.swift */ = {isa = PBXFileReference; lastKnownFileType = sourcecode.swift; path = StatsInputApp.swift; sourceTree = "<group>"; };
		7ED37794269B9CFE0033BCBD /* ContentView.swift */ = {isa = PBXFileReference; lastKnownFileType = sourcecode.swift; path = ContentView.swift; sourceTree = "<group>"; };
		7ED37796269B9D000033BCBD /* Assets.xcassets */ = {isa = PBXFileReference; lastKnownFileType = folder.assetcatalog; path = Assets.xcassets; sourceTree = "<group>"; };
		7ED37799269B9D000033BCBD /* Preview Assets.xcassets */ = {isa = PBXFileReference; lastKnownFileType = folder.assetcatalog; path = "Preview Assets.xcassets"; sourceTree = "<group>"; };
		7ED3779B269B9D000033BCBD /* Info.plist */ = {isa = PBXFileReference; lastKnownFileType = text.plist.xml; path = Info.plist; sourceTree = "<group>"; };
		7ED377A0269B9D000033BCBD /* StatsInputTests.xctest */ = {isa = PBXFileReference; explicitFileType = wrapper.cfbundle; includeInIndex = 0; path = StatsInputTests.xctest; sourceTree = BUILT_PRODUCTS_DIR; };
		7ED377A4269B9D000033BCBD /* StatsInputTests.swift */ = {isa = PBXFileReference; lastKnownFileType = sourcecode.swift; path = StatsInputTests.swift; sourceTree = "<group>"; };
		7ED377A6269B9D000033BCBD /* Info.plist */ = {isa = PBXFileReference; lastKnownFileType = text.plist.xml; path = Info.plist; sourceTree = "<group>"; };
		7ED377AB269B9D000033BCBD /* StatsInputUITests.xctest */ = {isa = PBXFileReference; explicitFileType = wrapper.cfbundle; includeInIndex = 0; path = StatsInputUITests.xctest; sourceTree = BUILT_PRODUCTS_DIR; };
		7ED377AF269B9D000033BCBD /* StatsInputUITests.swift */ = {isa = PBXFileReference; lastKnownFileType = sourcecode.swift; path = StatsInputUITests.swift; sourceTree = "<group>"; };
		7ED377B1269B9D000033BCBD /* Info.plist */ = {isa = PBXFileReference; lastKnownFileType = text.plist.xml; path = Info.plist; sourceTree = "<group>"; };
/* End PBXFileReference section */

/* Begin PBXFrameworksBuildPhase section */
		7ED3778C269B9CFE0033BCBD /* Frameworks */ = {
			isa = PBXFrameworksBuildPhase;
			buildActionMask = 2147483647;
			files = (
			);
			runOnlyForDeploymentPostprocessing = 0;
		};
		7ED3779D269B9D000033BCBD /* Frameworks */ = {
			isa = PBXFrameworksBuildPhase;
			buildActionMask = 2147483647;
			files = (
			);
			runOnlyForDeploymentPostprocessing = 0;
		};
		7ED377A8269B9D000033BCBD /* Frameworks */ = {
			isa = PBXFrameworksBuildPhase;
			buildActionMask = 2147483647;
			files = (
			);
			runOnlyForDeploymentPostprocessing = 0;
		};
/* End PBXFrameworksBuildPhase section */

/* Begin PBXGroup section */
		7ED37786269B9CFE0033BCBD = {
			isa = PBXGroup;
			children = (
				7ED37791269B9CFE0033BCBD /* StatsInput */,
				7ED377A3269B9D000033BCBD /* StatsInputTests */,
				7ED377AE269B9D000033BCBD /* StatsInputUITests */,
				7ED37790269B9CFE0033BCBD /* Products */,
			);
			sourceTree = "<group>";
		};
		7ED37790269B9CFE0033BCBD /* Products */ = {
			isa = PBXGroup;
			children = (
				7ED3778F269B9CFE0033BCBD /* StatsInput.app */,
				7ED377A0269B9D000033BCBD /* StatsInputTests.xctest */,
				7ED377AB269B9D000033BCBD /* StatsInputUITests.xctest */,
			);
			name = Products;
			sourceTree = "<group>";
		};
		7ED37791269B9CFE0033BCBD /* StatsInput */ = {
			isa = PBXGroup;
			children = (
				7ED37792269B9CFE0033BCBD /* StatsInputApp.swift */,
				7ED37794269B9CFE0033BCBD /* ContentView.swift */,
				7ED37796269B9D000033BCBD /* Assets.xcassets */,
				7ED3779B269B9D000033BCBD /* Info.plist */,
				7ED37798269B9D000033BCBD /* Preview Content */,
				7ECB28FB269BA2F000E1C0BA /* Notification.swift */,
			);
			path = StatsInput;
			sourceTree = "<group>";
		};
		7ED37798269B9D000033BCBD /* Preview Content */ = {
			isa = PBXGroup;
			children = (
				7ED37799269B9D000033BCBD /* Preview Assets.xcassets */,
			);
			path = "Preview Content";
			sourceTree = "<group>";
		};
		7ED377A3269B9D000033BCBD /* StatsInputTests */ = {
			isa = PBXGroup;
			children = (
				7ED377A4269B9D000033BCBD /* StatsInputTests.swift */,
				7ED377A6269B9D000033BCBD /* Info.plist */,
			);
			path = StatsInputTests;
			sourceTree = "<group>";
		};
		7ED377AE269B9D000033BCBD /* StatsInputUITests */ = {
			isa = PBXGroup;
			children = (
				7ED377AF269B9D000033BCBD /* StatsInputUITests.swift */,
				7ED377B1269B9D000033BCBD /* Info.plist */,
			);
			path = StatsInputUITests;
			sourceTree = "<group>";
		};
/* End PBXGroup section */

/* Begin PBXNativeTarget section */
		7ED3778E269B9CFE0033BCBD /* StatsInput */ = {
			isa = PBXNativeTarget;
			buildConfigurationList = 7ED377B4269B9D000033BCBD /* Build configuration list for PBXNativeTarget "StatsInput" */;
			buildPhases = (
				7ED3778B269B9CFE0033BCBD /* Sources */,
				7ED3778C269B9CFE0033BCBD /* Frameworks */,
				7ED3778D269B9CFE0033BCBD /* Resources */,
			);
			buildRules = (
			);
			dependencies = (
			);
			name = StatsInput;
			productName = StatsInput;
			productReference = 7ED3778F269B9CFE0033BCBD /* StatsInput.app */;
			productType = "com.apple.product-type.application";
		};
		7ED3779F269B9D000033BCBD /* StatsInputTests */ = {
			isa = PBXNativeTarget;
			buildConfigurationList = 7ED377B7269B9D000033BCBD /* Build configuration list for PBXNativeTarget "StatsInputTests" */;
			buildPhases = (
				7ED3779C269B9D000033BCBD /* Sources */,
				7ED3779D269B9D000033BCBD /* Frameworks */,
				7ED3779E269B9D000033BCBD /* Resources */,
			);
			buildRules = (
			);
			dependencies = (
				7ED377A2269B9D000033BCBD /* PBXTargetDependency */,
			);
			name = StatsInputTests;
			productName = StatsInputTests;
			productReference = 7ED377A0269B9D000033BCBD /* StatsInputTests.xctest */;
			productType = "com.apple.product-type.bundle.unit-test";
		};
		7ED377AA269B9D000033BCBD /* StatsInputUITests */ = {
			isa = PBXNativeTarget;
			buildConfigurationList = 7ED377BA269B9D000033BCBD /* Build configuration list for PBXNativeTarget "StatsInputUITests" */;
			buildPhases = (
				7ED377A7269B9D000033BCBD /* Sources */,
				7ED377A8269B9D000033BCBD /* Frameworks */,
				7ED377A9269B9D000033BCBD /* Resources */,
			);
			buildRules = (
			);
			dependencies = (
				7ED377AD269B9D000033BCBD /* PBXTargetDependency */,
			);
			name = StatsInputUITests;
			productName = StatsInputUITests;
			productReference = 7ED377AB269B9D000033BCBD /* StatsInputUITests.xctest */;
			productType = "com.apple.product-type.bundle.ui-testing";
		};
/* End PBXNativeTarget section */

/* Begin PBXProject section */
		7ED37787269B9CFE0033BCBD /* Project object */ = {
			isa = PBXProject;
			attributes = {
				LastSwiftUpdateCheck = 1250;
				LastUpgradeCheck = 1250;
				TargetAttributes = {
					7ED3778E269B9CFE0033BCBD = {
						CreatedOnToolsVersion = 12.5.1;
					};
					7ED3779F269B9D000033BCBD = {
						CreatedOnToolsVersion = 12.5.1;
						TestTargetID = 7ED3778E269B9CFE0033BCBD;
					};
					7ED377AA269B9D000033BCBD = {
						CreatedOnToolsVersion = 12.5.1;
						TestTargetID = 7ED3778E269B9CFE0033BCBD;
					};
				};
			};
			buildConfigurationList = 7ED3778A269B9CFE0033BCBD /* Build configuration list for PBXProject "StatsInput" */;
			compatibilityVersion = "Xcode 9.3";
			developmentRegion = en;
			hasScannedForEncodings = 0;
			knownRegions = (
				en,
				Base,
			);
			mainGroup = 7ED37786269B9CFE0033BCBD;
			productRefGroup = 7ED37790269B9CFE0033BCBD /* Products */;
			projectDirPath = "";
			projectRoot = "";
			targets = (
				7ED3778E269B9CFE0033BCBD /* StatsInput */,
				7ED3779F269B9D000033BCBD /* StatsInputTests */,
				7ED377AA269B9D000033BCBD /* StatsInputUITests */,
			);
		};
/* End PBXProject section */

/* Begin PBXResourcesBuildPhase section */
		7ED3778D269B9CFE0033BCBD /* Resources */ = {
			isa = PBXResourcesBuildPhase;
			buildActionMask = 2147483647;
			files = (
				7ED3779A269B9D000033BCBD /* Preview Assets.xcassets in Resources */,
				7ED37797269B9D000033BCBD /* Assets.xcassets in Resources */,
			);
			runOnlyForDeploymentPostprocessing = 0;
		};
		7ED3779E269B9D000033BCBD /* Resources */ = {
			isa = PBXResourcesBuildPhase;
			buildActionMask = 2147483647;
			files = (
			);
			runOnlyForDeploymentPostprocessing = 0;
		};
		7ED377A9269B9D000033BCBD /* Resources */ = {
			isa = PBXResourcesBuildPhase;
			buildActionMask = 2147483647;
			files = (
			);
			runOnlyForDeploymentPostprocessing = 0;
		};
/* End PBXResourcesBuildPhase section */

/* Begin PBXSourcesBuildPhase section */
		7ED3778B269B9CFE0033BCBD /* Sources */ = {
			isa = PBXSourcesBuildPhase;
			buildActionMask = 2147483647;
			files = (
				7ED37795269B9CFE0033BCBD /* ContentView.swift in Sources */,
				7ED37793269B9CFE0033BCBD /* StatsInputApp.swift in Sources */,
				7ECB28FC269BA2F000E1C0BA /* Notification.swift in Sources */,
			);
			runOnlyForDeploymentPostprocessing = 0;
		};
		7ED3779C269B9D000033BCBD /* Sources */ = {
			isa = PBXSourcesBuildPhase;
			buildActionMask = 2147483647;
			files = (
				7ED377A5269B9D000033BCBD /* StatsInputTests.swift in Sources */,
			);
			runOnlyForDeploymentPostprocessing = 0;
		};
		7ED377A7269B9D000033BCBD /* Sources */ = {
			isa = PBXSourcesBuildPhase;
			buildActionMask = 2147483647;
			files = (
				7ED377B0269B9D000033BCBD /* StatsInputUITests.swift in Sources */,
			);
			runOnlyForDeploymentPostprocessing = 0;
		};
/* End PBXSourcesBuildPhase section */

/* Begin PBXTargetDependency section */
		7ED377A2269B9D000033BCBD /* PBXTargetDependency */ = {
			isa = PBXTargetDependency;
			target = 7ED3778E269B9CFE0033BCBD /* StatsInput */;
			targetProxy = 7ED377A1269B9D000033BCBD /* PBXContainerItemProxy */;
		};
		7ED377AD269B9D000033BCBD /* PBXTargetDependency */ = {
			isa = PBXTargetDependency;
			target = 7ED3778E269B9CFE0033BCBD /* StatsInput */;
			targetProxy = 7ED377AC269B9D000033BCBD /* PBXContainerItemProxy */;
		};
/* End PBXTargetDependency section */

/* Begin XCBuildConfiguration section */
		7ED377B2269B9D000033BCBD /* Debug */ = {
			isa = XCBuildConfiguration;
			buildSettings = {
				ALWAYS_SEARCH_USER_PATHS = NO;
				CLANG_ANALYZER_NONNULL = YES;
				CLANG_ANALYZER_NUMBER_OBJECT_CONVERSION = YES_AGGRESSIVE;
				CLANG_CXX_LANGUAGE_STANDARD = "gnu++14";
				CLANG_CXX_LIBRARY = "libc++";
				CLANG_ENABLE_MODULES = YES;
				CLANG_ENABLE_OBJC_ARC = YES;
				CLANG_ENABLE_OBJC_WEAK = YES;
				CLANG_WARN_BLOCK_CAPTURE_AUTORELEASING = YES;
				CLANG_WARN_BOOL_CONVERSION = YES;
				CLANG_WARN_COMMA = YES;
				CLANG_WARN_CONSTANT_CONVERSION = YES;
				CLANG_WARN_DEPRECATED_OBJC_IMPLEMENTATIONS = YES;
				CLANG_WARN_DIRECT_OBJC_ISA_USAGE = YES_ERROR;
				CLANG_WARN_DOCUMENTATION_COMMENTS = YES;
				CLANG_WARN_EMPTY_BODY = YES;
				CLANG_WARN_ENUM_CONVERSION = YES;
				CLANG_WARN_INFINITE_RECURSION = YES;
				CLANG_WARN_INT_CONVERSION = YES;
				CLANG_WARN_NON_LITERAL_NULL_CONVERSION = YES;
				CLANG_WARN_OBJC_IMPLICIT_RETAIN_SELF = YES;
				CLANG_WARN_OBJC_LITERAL_CONVERSION = YES;
				CLANG_WARN_OBJC_ROOT_CLASS = YES_ERROR;
				CLANG_WARN_QUOTED_INCLUDE_IN_FRAMEWORK_HEADER = YES;
				CLANG_WARN_RANGE_LOOP_ANALYSIS = YES;
				CLANG_WARN_STRICT_PROTOTYPES = YES;
				CLANG_WARN_SUSPICIOUS_MOVE = YES;
				CLANG_WARN_UNGUARDED_AVAILABILITY = YES_AGGRESSIVE;
				CLANG_WARN_UNREACHABLE_CODE = YES;
				CLANG_WARN__DUPLICATE_METHOD_MATCH = YES;
				COPY_PHASE_STRIP = NO;
				DEBUG_INFORMATION_FORMAT = dwarf;
				ENABLE_STRICT_OBJC_MSGSEND = YES;
				ENABLE_TESTABILITY = YES;
				GCC_C_LANGUAGE_STANDARD = gnu11;
				GCC_DYNAMIC_NO_PIC = NO;
				GCC_NO_COMMON_BLOCKS = YES;
				GCC_OPTIMIZATION_LEVEL = 0;
				GCC_PREPROCESSOR_DEFINITIONS = (
					"DEBUG=1",
					"$(inherited)",
				);
				GCC_WARN_64_TO_32_BIT_CONVERSION = YES;
				GCC_WARN_ABOUT_RETURN_TYPE = YES_ERROR;
				GCC_WARN_UNDECLARED_SELECTOR = YES;
				GCC_WARN_UNINITIALIZED_AUTOS = YES_AGGRESSIVE;
				GCC_WARN_UNUSED_FUNCTION = YES;
				GCC_WARN_UNUSED_VARIABLE = YES;
				IPHONEOS_DEPLOYMENT_TARGET = 14.5;
				MTL_ENABLE_DEBUG_INFO = INCLUDE_SOURCE;
				MTL_FAST_MATH = YES;
				ONLY_ACTIVE_ARCH = YES;
				SDKROOT = iphoneos;
				SWIFT_ACTIVE_COMPILATION_CONDITIONS = DEBUG;
				SWIFT_OPTIMIZATION_LEVEL = "-Onone";
			};
			name = Debug;
		};
		7ED377B3269B9D000033BCBD /* Release */ = {
			isa = XCBuildConfiguration;
			buildSettings = {
				ALWAYS_SEARCH_USER_PATHS = NO;
				CLANG_ANALYZER_NONNULL = YES;
				CLANG_ANALYZER_NUMBER_OBJECT_CONVERSION = YES_AGGRESSIVE;
				CLANG_CXX_LANGUAGE_STANDARD = "gnu++14";
				CLANG_CXX_LIBRARY = "libc++";
				CLANG_ENABLE_MODULES = YES;
				CLANG_ENABLE_OBJC_ARC = YES;
				CLANG_ENABLE_OBJC_WEAK = YES;
				CLANG_WARN_BLOCK_CAPTURE_AUTORELEASING = YES;
				CLANG_WARN_BOOL_CONVERSION = YES;
				CLANG_WARN_COMMA = YES;
				CLANG_WARN_CONSTANT_CONVERSION = YES;
				CLANG_WARN_DEPRECATED_OBJC_IMPLEMENTATIONS = YES;
				CLANG_WARN_DIRECT_OBJC_ISA_USAGE = YES_ERROR;
				CLANG_WARN_DOCUMENTATION_COMMENTS = YES;
				CLANG_WARN_EMPTY_BODY = YES;
				CLANG_WARN_ENUM_CONVERSION = YES;
				CLANG_WARN_INFINITE_RECURSION = YES;
				CLANG_WARN_INT_CONVERSION = YES;
				CLANG_WARN_NON_LITERAL_NULL_CONVERSION = YES;
				CLANG_WARN_OBJC_IMPLICIT_RETAIN_SELF = YES;
				CLANG_WARN_OBJC_LITERAL_CONVERSION = YES;
				CLANG_WARN_OBJC_ROOT_CLASS = YES_ERROR;
				CLANG_WARN_QUOTED_INCLUDE_IN_FRAMEWORK_HEADER = YES;
				CLANG_WARN_RANGE_LOOP_ANALYSIS = YES;
				CLANG_WARN_STRICT_PROTOTYPES = YES;
				CLANG_WARN_SUSPICIOUS_MOVE = YES;
				CLANG_WARN_UNGUARDED_AVAILABILITY = YES_AGGRESSIVE;
				CLANG_WARN_UNREACHABLE_CODE = YES;
				CLANG_WARN__DUPLICATE_METHOD_MATCH = YES;
				COPY_PHASE_STRIP = NO;
				DEBUG_INFORMATION_FORMAT = "dwarf-with-dsym";
				ENABLE_NS_ASSERTIONS = NO;
				ENABLE_STRICT_OBJC_MSGSEND = YES;
				GCC_C_LANGUAGE_STANDARD = gnu11;
				GCC_NO_COMMON_BLOCKS = YES;
				GCC_WARN_64_TO_32_BIT_CONVERSION = YES;
				GCC_WARN_ABOUT_RETURN_TYPE = YES_ERROR;
				GCC_WARN_UNDECLARED_SELECTOR = YES;
				GCC_WARN_UNINITIALIZED_AUTOS = YES_AGGRESSIVE;
				GCC_WARN_UNUSED_FUNCTION = YES;
				GCC_WARN_UNUSED_VARIABLE = YES;
				IPHONEOS_DEPLOYMENT_TARGET = 14.5;
				MTL_ENABLE_DEBUG_INFO = NO;
				MTL_FAST_MATH = YES;
				SDKROOT = iphoneos;
				SWIFT_COMPILATION_MODE = wholemodule;
				SWIFT_OPTIMIZATION_LEVEL = "-O";
				VALIDATE_PRODUCT = YES;
			};
			name = Release;
		};
		7ED377B5269B9D000033BCBD /* Debug */ = {
			isa = XCBuildConfiguration;
			buildSettings = {
				ASSETCATALOG_COMPILER_APPICON_NAME = AppIcon;
				ASSETCATALOG_COMPILER_GLOBAL_ACCENT_COLOR_NAME = AccentColor;
				CODE_SIGN_STYLE = Automatic;
				DEVELOPMENT_ASSET_PATHS = "\"StatsInput/Preview Content\"";
				DEVELOPMENT_TEAM = HX6D3DLC2D;
				ENABLE_PREVIEWS = YES;
				INFOPLIST_FILE = StatsInput/Info.plist;
				IPHONEOS_DEPLOYMENT_TARGET = 14.0;
				LD_RUNPATH_SEARCH_PATHS = (
					"$(inherited)",
					"@executable_path/Frameworks",
				);
				PRODUCT_BUNDLE_IDENTIFIER = com.yuseinishiyama.StatsInput;
				PRODUCT_NAME = "$(TARGET_NAME)";
				SWIFT_VERSION = 5.0;
				TARGETED_DEVICE_FAMILY = "1,2";
			};
			name = Debug;
		};
		7ED377B6269B9D000033BCBD /* Release */ = {
			isa = XCBuildConfiguration;
			buildSettings = {
				ASSETCATALOG_COMPILER_APPICON_NAME = AppIcon;
				ASSETCATALOG_COMPILER_GLOBAL_ACCENT_COLOR_NAME = AccentColor;
				CODE_SIGN_STYLE = Automatic;
				DEVELOPMENT_ASSET_PATHS = "\"StatsInput/Preview Content\"";
				DEVELOPMENT_TEAM = HX6D3DLC2D;
				ENABLE_PREVIEWS = YES;
				INFOPLIST_FILE = StatsInput/Info.plist;
				IPHONEOS_DEPLOYMENT_TARGET = 14.0;
				LD_RUNPATH_SEARCH_PATHS = (
					"$(inherited)",
					"@executable_path/Frameworks",
				);
				PRODUCT_BUNDLE_IDENTIFIER = com.yuseinishiyama.StatsInput;
				PRODUCT_NAME = "$(TARGET_NAME)";
				SWIFT_VERSION = 5.0;
				TARGETED_DEVICE_FAMILY = "1,2";
			};
			name = Release;
		};
		7ED377B8269B9D000033BCBD /* Debug */ = {
			isa = XCBuildConfiguration;
			buildSettings = {
				ALWAYS_EMBED_SWIFT_STANDARD_LIBRARIES = YES;
				BUNDLE_LOADER = "$(TEST_HOST)";
				CODE_SIGN_STYLE = Automatic;
				DEVELOPMENT_TEAM = HX6D3DLC2D;
				INFOPLIST_FILE = StatsInputTests/Info.plist;
				IPHONEOS_DEPLOYMENT_TARGET = 14.0;
				LD_RUNPATH_SEARCH_PATHS = (
					"$(inherited)",
					"@executable_path/Frameworks",
					"@loader_path/Frameworks",
				);
				PRODUCT_BUNDLE_IDENTIFIER = com.yuseinishiyama.StatsInputTests;
				PRODUCT_NAME = "$(TARGET_NAME)";
				SWIFT_VERSION = 5.0;
				TARGETED_DEVICE_FAMILY = "1,2";
				TEST_HOST = "$(BUILT_PRODUCTS_DIR)/StatsInput.app/StatsInput";
			};
			name = Debug;
		};
		7ED377B9269B9D000033BCBD /* Release */ = {
			isa = XCBuildConfiguration;
			buildSettings = {
				ALWAYS_EMBED_SWIFT_STANDARD_LIBRARIES = YES;
				BUNDLE_LOADER = "$(TEST_HOST)";
				CODE_SIGN_STYLE = Automatic;
				DEVELOPMENT_TEAM = HX6D3DLC2D;
				INFOPLIST_FILE = StatsInputTests/Info.plist;
				IPHONEOS_DEPLOYMENT_TARGET = 14.0;
				LD_RUNPATH_SEARCH_PATHS = (
					"$(inherited)",
					"@executable_path/Frameworks",
					"@loader_path/Frameworks",
				);
				PRODUCT_BUNDLE_IDENTIFIER = com.yuseinishiyama.StatsInputTests;
				PRODUCT_NAME = "$(TARGET_NAME)";
				SWIFT_VERSION = 5.0;
				TARGETED_DEVICE_FAMILY = "1,2";
				TEST_HOST = "$(BUILT_PRODUCTS_DIR)/StatsInput.app/StatsInput";
			};
			name = Release;
		};
		7ED377BB269B9D000033BCBD /* Debug */ = {
			isa = XCBuildConfiguration;
			buildSettings = {
				ALWAYS_EMBED_SWIFT_STANDARD_LIBRARIES = YES;
				CODE_SIGN_STYLE = Automatic;
				DEVELOPMENT_TEAM = HX6D3DLC2D;
				INFOPLIST_FILE = StatsInputUITests/Info.plist;
				LD_RUNPATH_SEARCH_PATHS = (
					"$(inherited)",
					"@executable_path/Frameworks",
					"@loader_path/Frameworks",
				);
				PRODUCT_BUNDLE_IDENTIFIER = com.yuseinishiyama.StatsInputUITests;
				PRODUCT_NAME = "$(TARGET_NAME)";
				SWIFT_VERSION = 5.0;
				TARGETED_DEVICE_FAMILY = "1,2";
				TEST_TARGET_NAME = StatsInput;
			};
			name = Debug;
		};
		7ED377BC269B9D000033BCBD /* Release */ = {
			isa = XCBuildConfiguration;
			buildSettings = {
				ALWAYS_EMBED_SWIFT_STANDARD_LIBRARIES = YES;
				CODE_SIGN_STYLE = Automatic;
				DEVELOPMENT_TEAM = HX6D3DLC2D;
				INFOPLIST_FILE = StatsInputUITests/Info.plist;
				LD_RUNPATH_SEARCH_PATHS = (
					"$(inherited)",
					"@executable_path/Frameworks",
					"@loader_path/Frameworks",
				);
				PRODUCT_BUNDLE_IDENTIFIER = com.yuseinishiyama.StatsInputUITests;
				PRODUCT_NAME = "$(TARGET_NAME)";
				SWIFT_VERSION = 5.0;
				TARGETED_DEVICE_FAMILY = "1,2";
				TEST_TARGET_NAME = StatsInput;
			};
			name = Release;
		};
/* End XCBuildConfiguration section */

/* Begin XCConfigurationList section */
		7ED3778A269B9CFE0033BCBD /* Build configuration list for PBXProject "StatsInput" */ = {
			isa = XCConfigurationList;
			buildConfigurations = (
				7ED377B2269B9D000033BCBD /* Debug */,
				7ED377B3269B9D000033BCBD /* Release */,
			);
			defaultConfigurationIsVisible = 0;
			defaultConfigurationName = Release;
		};
		7ED377B4269B9D000033BCBD /* Build configuration list for PBXNativeTarget "StatsInput" */ = {
			isa = XCConfigurationList;
			buildConfigurations = (
				7ED377B5269B9D000033BCBD /* Debug */,
				7ED377B6269B9D000033BCBD /* Release */,
			);
			defaultConfigurationIsVisible = 0;
			defaultConfigurationName = Release;
		};
		7ED377B7269B9D000033BCBD /* Build configuration list for PBXNativeTarget "StatsInputTests" */ = {
			isa = XCConfigurationList;
			buildConfigurations = (
				7ED377B8269B9D000033BCBD /* Debug */,
				7ED377B9269B9D000033BCBD /* Release */,
			);
			defaultConfigurationIsVisible = 0;
			defaultConfigurationName = Release;
		};
		7ED377BA269B9D000033BCBD /* Build configuration list for PBXNativeTarget "StatsInputUITests" */ = {
			isa = XCConfigurationList;
			buildConfigurations = (
				7ED377BB269B9D000033BCBD /* Debug */,
				7ED377BC269B9D000033BCBD /* Release */,
			);
			defaultConfigurationIsVisible = 0;
			defaultConfigurationName = Release;
		};
/* End XCConfigurationList section */
	};
	rootObject = 7ED37787269B9CFE0033BCBD /* Project object */;
}
